// !$*UTF8*$!
{
	archiveVersion = 1;
	classes = {
	};
	objectVersion = 46;
	objects = {

/* Begin PBXBuildFile section */
		1126E75A19E337E4007C9E69 /* Launch Screen.xib in Resources */ = {isa = PBXBuildFile; fileRef = 1126E75919E337E4007C9E69 /* Launch Screen.xib */; };
		1712B5D318A207D0001BB35A /* Social.framework in Frameworks */ = {isa = PBXBuildFile; fileRef = 1712B5D218A207D0001BB35A /* Social.framework */; };
		17152A2818B2DABF00541ABE /* UIImage+ImageEffects.m in Sources */ = {isa = PBXBuildFile; fileRef = 17152A2618B2DABF00541ABE /* UIImage+ImageEffects.m */; };
		1749EEA0189DC8D700A0507D /* Security.framework in Frameworks */ = {isa = PBXBuildFile; fileRef = 1749EE9F189DC8D700A0507D /* Security.framework */; };
		1749EEBA189DC97E00A0507D /* PocketAPI.m in Sources */ = {isa = PBXBuildFile; fileRef = 1749EEB1189DC97E00A0507D /* PocketAPI.m */; settings = {COMPILER_FLAGS = "-fno-objc-arc"; }; };
		1749EEBB189DC97E00A0507D /* PocketAPILogin.m in Sources */ = {isa = PBXBuildFile; fileRef = 1749EEB4189DC97E00A0507D /* PocketAPILogin.m */; settings = {COMPILER_FLAGS = "-fno-objc-arc"; }; };
		1749EEBC189DC97E00A0507D /* PocketAPIOperation.m in Sources */ = {isa = PBXBuildFile; fileRef = 1749EEB6189DC97E00A0507D /* PocketAPIOperation.m */; settings = {COMPILER_FLAGS = "-fno-objc-arc"; }; };
		1749EEBD189DC97E00A0507D /* SFHFKeychainUtils.m in Sources */ = {isa = PBXBuildFile; fileRef = 1749EEB9189DC97E00A0507D /* SFHFKeychainUtils.m */; settings = {COMPILER_FLAGS = "-fno-objc-arc"; }; };
		179519071894CD2D00536C5E /* Foundation.framework in Frameworks */ = {isa = PBXBuildFile; fileRef = 179519061894CD2D00536C5E /* Foundation.framework */; };
		179519091894CD2D00536C5E /* CoreGraphics.framework in Frameworks */ = {isa = PBXBuildFile; fileRef = 179519081894CD2D00536C5E /* CoreGraphics.framework */; };
		1795190B1894CD2D00536C5E /* UIKit.framework in Frameworks */ = {isa = PBXBuildFile; fileRef = 1795190A1894CD2D00536C5E /* UIKit.framework */; };
		179519111894CD2D00536C5E /* InfoPlist.strings in Resources */ = {isa = PBXBuildFile; fileRef = 1795190F1894CD2D00536C5E /* InfoPlist.strings */; };
		179519131894CD2D00536C5E /* main.m in Sources */ = {isa = PBXBuildFile; fileRef = 179519121894CD2D00536C5E /* main.m */; };
		179519191894CD2D00536C5E /* Images.xcassets in Resources */ = {isa = PBXBuildFile; fileRef = 179519181894CD2D00536C5E /* Images.xcassets */; };
		179519201894CD2D00536C5E /* XCTest.framework in Frameworks */ = {isa = PBXBuildFile; fileRef = 1795191F1894CD2D00536C5E /* XCTest.framework */; };
		179519211894CD2D00536C5E /* Foundation.framework in Frameworks */ = {isa = PBXBuildFile; fileRef = 179519061894CD2D00536C5E /* Foundation.framework */; };
		179519221894CD2D00536C5E /* UIKit.framework in Frameworks */ = {isa = PBXBuildFile; fileRef = 1795190A1894CD2D00536C5E /* UIKit.framework */; };
		1795192A1894CD2D00536C5E /* InfoPlist.strings in Resources */ = {isa = PBXBuildFile; fileRef = 179519281894CD2D00536C5E /* InfoPlist.strings */; };
		1795192C1894CD2D00536C5E /* HakkaNewsTests.m in Sources */ = {isa = PBXBuildFile; fileRef = 1795192B1894CD2D00536C5E /* HakkaNewsTests.m */; };
		179519361894CD4600536C5E /* SafariServices.framework in Frameworks */ = {isa = PBXBuildFile; fileRef = 179519351894CD4600536C5E /* SafariServices.framework */; };
		179519631894CE0100536C5E /* postCell.m in Sources */ = {isa = PBXBuildFile; fileRef = 179519621894CE0100536C5E /* postCell.m */; };
		1795196C1894CE0D00536C5E /* storiesViewController.m in Sources */ = {isa = PBXBuildFile; fileRef = 179519651894CE0D00536C5E /* storiesViewController.m */; };
		1795196D1894CE0D00536C5E /* submitVC.m in Sources */ = {isa = PBXBuildFile; fileRef = 179519671894CE0D00536C5E /* submitVC.m */; };
		1795196E1894CE0D00536C5E /* topStoriesViewController.m in Sources */ = {isa = PBXBuildFile; fileRef = 179519691894CE0D00536C5E /* topStoriesViewController.m */; };
		1795196F1894CE0D00536C5E /* UIColor+Colours.m in Sources */ = {isa = PBXBuildFile; fileRef = 1795196B1894CE0D00536C5E /* UIColor+Colours.m */; };
		179519721894CE1900536C5E /* WebViewController.m in Sources */ = {isa = PBXBuildFile; fileRef = 179519711894CE1900536C5E /* WebViewController.m */; };
		1795197D1894CE3F00536C5E /* commentCell.m in Sources */ = {isa = PBXBuildFile; fileRef = 1795197A1894CE3F00536C5E /* commentCell.m */; };
		1795197E1894CE3F00536C5E /* CommentsViewController.m in Sources */ = {isa = PBXBuildFile; fileRef = 1795197C1894CE3F00536C5E /* CommentsViewController.m */; };
		1795198B1894CE7200536C5E /* AppDelegate.m in Sources */ = {isa = PBXBuildFile; fileRef = 1795198A1894CE7200536C5E /* AppDelegate.m */; };
		17D3BE6A18AED38600A95506 /* SettingsVC.m in Sources */ = {isa = PBXBuildFile; fileRef = 17D3BE6918AED38600A95506 /* SettingsVC.m */; };
		17D3BE7B18AEF65E00A95506 /* DRPocketActivity.m in Sources */ = {isa = PBXBuildFile; fileRef = 17D3BE7A18AEF65E00A95506 /* DRPocketActivity.m */; };
		17DFD3D818970056000BEF97 /* replyVC.m in Sources */ = {isa = PBXBuildFile; fileRef = 17DFD3D718970056000BEF97 /* replyVC.m */; };
		5202CAC318CB16AB009A8AE0 /* TUSafariActivity.m in Sources */ = {isa = PBXBuildFile; fileRef = 5202CAC218CB16AB009A8AE0 /* TUSafariActivity.m */; };
		520CF66519F0E8A10032EADE /* LoginVC.m in Sources */ = {isa = PBXBuildFile; fileRef = 520CF66419F0E8A10032EADE /* LoginVC.m */; };
		520CF67D19F0EB860032EADE /* HNComment.m in Sources */ = {isa = PBXBuildFile; fileRef = 520CF66F19F0EB860032EADE /* HNComment.m */; };
		520CF67E19F0EB860032EADE /* HNCommentLink.m in Sources */ = {isa = PBXBuildFile; fileRef = 520CF67119F0EB860032EADE /* HNCommentLink.m */; };
		520CF67F19F0EB860032EADE /* HNManager.m in Sources */ = {isa = PBXBuildFile; fileRef = 520CF67319F0EB860032EADE /* HNManager.m */; };
		520CF68019F0EB860032EADE /* HNPost.m in Sources */ = {isa = PBXBuildFile; fileRef = 520CF67519F0EB860032EADE /* HNPost.m */; };
		520CF68119F0EB860032EADE /* HNUser.m in Sources */ = {isa = PBXBuildFile; fileRef = 520CF67719F0EB860032EADE /* HNUser.m */; };
		520CF68219F0EB860032EADE /* HNUtilities.m in Sources */ = {isa = PBXBuildFile; fileRef = 520CF67919F0EB860032EADE /* HNUtilities.m */; };
		520CF68319F0EB860032EADE /* HNWebService.m in Sources */ = {isa = PBXBuildFile; fileRef = 520CF67B19F0EB860032EADE /* HNWebService.m */; };
		520CF68F19F0ED9E0032EADE /* FBShimmeringLayer.m in Sources */ = {isa = PBXBuildFile; fileRef = 520CF68C19F0ED9E0032EADE /* FBShimmeringLayer.m */; };
		520CF69019F0ED9E0032EADE /* FBShimmeringView.m in Sources */ = {isa = PBXBuildFile; fileRef = 520CF68E19F0ED9E0032EADE /* FBShimmeringView.m */; };
		5292A49D1A0AEC07003716B4 /* FoldingView.m in Sources */ = {isa = PBXBuildFile; fileRef = 5292A49C1A0AEC07003716B4 /* FoldingView.m */; };
		5292A4A01A0AF219003716B4 /* mainPageViewController.m in Sources */ = {isa = PBXBuildFile; fileRef = 5292A49F1A0AF219003716B4 /* mainPageViewController.m */; };
		52D9C2BD18D0A19E009E507D /* UIImage+tintImage.m in Sources */ = {isa = PBXBuildFile; fileRef = 52D9C2BC18D0A19E009E507D /* UIImage+tintImage.m */; };
		E1300BFBF0B60FB183BAA1A0 /* libPods.a in Frameworks */ = {isa = PBXBuildFile; fileRef = 5A16186C08295C19D78519CF /* libPods.a */; };
/* End PBXBuildFile section */

/* Begin PBXContainerItemProxy section */
		179519231894CD2D00536C5E /* PBXContainerItemProxy */ = {
			isa = PBXContainerItemProxy;
			containerPortal = 179518FB1894CD2D00536C5E /* Project object */;
			proxyType = 1;
			remoteGlobalIDString = 179519021894CD2D00536C5E;
			remoteInfo = HakkaNews;
		};
/* End PBXContainerItemProxy section */

/* Begin PBXFileReference section */
		1126E75919E337E4007C9E69 /* Launch Screen.xib */ = {isa = PBXFileReference; fileEncoding = 4; lastKnownFileType = file.xib; path = "Launch Screen.xib"; sourceTree = "<group>"; };
		1712B5D218A207D0001BB35A /* Social.framework */ = {isa = PBXFileReference; lastKnownFileType = wrapper.framework; name = Social.framework; path = System/Library/Frameworks/Social.framework; sourceTree = SDKROOT; };
		17152A2518B2DABF00541ABE /* UIImage+ImageEffects.h */ = {isa = PBXFileReference; fileEncoding = 4; lastKnownFileType = sourcecode.c.h; path = "UIImage+ImageEffects.h"; sourceTree = "<group>"; };
		17152A2618B2DABF00541ABE /* UIImage+ImageEffects.m */ = {isa = PBXFileReference; fileEncoding = 4; lastKnownFileType = sourcecode.c.objc; path = "UIImage+ImageEffects.m"; sourceTree = "<group>"; };
		1749EE9F189DC8D700A0507D /* Security.framework */ = {isa = PBXFileReference; lastKnownFileType = wrapper.framework; name = Security.framework; path = System/Library/Frameworks/Security.framework; sourceTree = SDKROOT; };
		1749EEB0189DC97E00A0507D /* PocketAPI.h */ = {isa = PBXFileReference; fileEncoding = 4; lastKnownFileType = sourcecode.c.h; path = PocketAPI.h; sourceTree = "<group>"; };
		1749EEB1189DC97E00A0507D /* PocketAPI.m */ = {isa = PBXFileReference; fileEncoding = 4; lastKnownFileType = sourcecode.c.objc; path = PocketAPI.m; sourceTree = "<group>"; };
		1749EEB2189DC97E00A0507D /* PocketAPI+NSOperation.h */ = {isa = PBXFileReference; fileEncoding = 4; lastKnownFileType = sourcecode.c.h; path = "PocketAPI+NSOperation.h"; sourceTree = "<group>"; };
		1749EEB3189DC97E00A0507D /* PocketAPILogin.h */ = {isa = PBXFileReference; fileEncoding = 4; lastKnownFileType = sourcecode.c.h; path = PocketAPILogin.h; sourceTree = "<group>"; };
		1749EEB4189DC97E00A0507D /* PocketAPILogin.m */ = {isa = PBXFileReference; fileEncoding = 4; lastKnownFileType = sourcecode.c.objc; path = PocketAPILogin.m; sourceTree = "<group>"; };
		1749EEB5189DC97E00A0507D /* PocketAPIOperation.h */ = {isa = PBXFileReference; fileEncoding = 4; lastKnownFileType = sourcecode.c.h; path = PocketAPIOperation.h; sourceTree = "<group>"; };
		1749EEB6189DC97E00A0507D /* PocketAPIOperation.m */ = {isa = PBXFileReference; fileEncoding = 4; lastKnownFileType = sourcecode.c.objc; path = PocketAPIOperation.m; sourceTree = "<group>"; };
		1749EEB7189DC97E00A0507D /* PocketAPITypes.h */ = {isa = PBXFileReference; fileEncoding = 4; lastKnownFileType = sourcecode.c.h; path = PocketAPITypes.h; sourceTree = "<group>"; };
		1749EEB8189DC97E00A0507D /* SFHFKeychainUtils.h */ = {isa = PBXFileReference; fileEncoding = 4; lastKnownFileType = sourcecode.c.h; path = SFHFKeychainUtils.h; sourceTree = "<group>"; };
		1749EEB9189DC97E00A0507D /* SFHFKeychainUtils.m */ = {isa = PBXFileReference; fileEncoding = 4; lastKnownFileType = sourcecode.c.objc; path = SFHFKeychainUtils.m; sourceTree = "<group>"; };
		179519031894CD2D00536C5E /* HakkaNews.app */ = {isa = PBXFileReference; explicitFileType = wrapper.application; includeInIndex = 0; path = HakkaNews.app; sourceTree = BUILT_PRODUCTS_DIR; };
		179519061894CD2D00536C5E /* Foundation.framework */ = {isa = PBXFileReference; lastKnownFileType = wrapper.framework; name = Foundation.framework; path = System/Library/Frameworks/Foundation.framework; sourceTree = SDKROOT; };
		179519081894CD2D00536C5E /* CoreGraphics.framework */ = {isa = PBXFileReference; lastKnownFileType = wrapper.framework; name = CoreGraphics.framework; path = System/Library/Frameworks/CoreGraphics.framework; sourceTree = SDKROOT; };
		1795190A1894CD2D00536C5E /* UIKit.framework */ = {isa = PBXFileReference; lastKnownFileType = wrapper.framework; name = UIKit.framework; path = System/Library/Frameworks/UIKit.framework; sourceTree = SDKROOT; };
		1795190E1894CD2D00536C5E /* HakkaNews-Info.plist */ = {isa = PBXFileReference; lastKnownFileType = text.plist.xml; path = "HakkaNews-Info.plist"; sourceTree = "<group>"; };
		179519101894CD2D00536C5E /* en */ = {isa = PBXFileReference; lastKnownFileType = text.plist.strings; name = en; path = en.lproj/InfoPlist.strings; sourceTree = "<group>"; };
		179519121894CD2D00536C5E /* main.m */ = {isa = PBXFileReference; lastKnownFileType = sourcecode.c.objc; path = main.m; sourceTree = "<group>"; };
		179519141894CD2D00536C5E /* HakkaNews-Prefix.pch */ = {isa = PBXFileReference; lastKnownFileType = sourcecode.c.h; path = "HakkaNews-Prefix.pch"; sourceTree = "<group>"; };
		179519181894CD2D00536C5E /* Images.xcassets */ = {isa = PBXFileReference; lastKnownFileType = folder.assetcatalog; path = Images.xcassets; sourceTree = "<group>"; };
		1795191E1894CD2D00536C5E /* HakkaNewsTests.xctest */ = {isa = PBXFileReference; explicitFileType = wrapper.cfbundle; includeInIndex = 0; path = HakkaNewsTests.xctest; sourceTree = BUILT_PRODUCTS_DIR; };
		1795191F1894CD2D00536C5E /* XCTest.framework */ = {isa = PBXFileReference; lastKnownFileType = wrapper.framework; name = XCTest.framework; path = Library/Frameworks/XCTest.framework; sourceTree = DEVELOPER_DIR; };
		179519271894CD2D00536C5E /* HakkaNewsTests-Info.plist */ = {isa = PBXFileReference; lastKnownFileType = text.plist.xml; path = "HakkaNewsTests-Info.plist"; sourceTree = "<group>"; };
		179519291894CD2D00536C5E /* en */ = {isa = PBXFileReference; lastKnownFileType = text.plist.strings; name = en; path = en.lproj/InfoPlist.strings; sourceTree = "<group>"; };
		1795192B1894CD2D00536C5E /* HakkaNewsTests.m */ = {isa = PBXFileReference; lastKnownFileType = sourcecode.c.objc; path = HakkaNewsTests.m; sourceTree = "<group>"; };
		179519351894CD4600536C5E /* SafariServices.framework */ = {isa = PBXFileReference; lastKnownFileType = wrapper.framework; name = SafariServices.framework; path = System/Library/Frameworks/SafariServices.framework; sourceTree = SDKROOT; };
		179519591894CDCA00536C5E /* LoginVC.h */ = {isa = PBXFileReference; fileEncoding = 4; lastKnownFileType = sourcecode.c.h; path = LoginVC.h; sourceTree = "<group>"; };
		179519611894CE0100536C5E /* postCell.h */ = {isa = PBXFileReference; fileEncoding = 4; lastKnownFileType = sourcecode.c.h; path = postCell.h; sourceTree = "<group>"; };
		179519621894CE0100536C5E /* postCell.m */ = {isa = PBXFileReference; fileEncoding = 4; lastKnownFileType = sourcecode.c.objc; path = postCell.m; sourceTree = "<group>"; };
		179519641894CE0D00536C5E /* storiesViewController.h */ = {isa = PBXFileReference; fileEncoding = 4; lastKnownFileType = sourcecode.c.h; path = storiesViewController.h; sourceTree = "<group>"; };
		179519651894CE0D00536C5E /* storiesViewController.m */ = {isa = PBXFileReference; fileEncoding = 4; lastKnownFileType = sourcecode.c.objc; path = storiesViewController.m; sourceTree = "<group>"; };
		179519661894CE0D00536C5E /* submitVC.h */ = {isa = PBXFileReference; fileEncoding = 4; lastKnownFileType = sourcecode.c.h; path = submitVC.h; sourceTree = "<group>"; };
		179519671894CE0D00536C5E /* submitVC.m */ = {isa = PBXFileReference; fileEncoding = 4; lastKnownFileType = sourcecode.c.objc; path = submitVC.m; sourceTree = "<group>"; };
		179519681894CE0D00536C5E /* topStoriesViewController.h */ = {isa = PBXFileReference; fileEncoding = 4; lastKnownFileType = sourcecode.c.h; path = topStoriesViewController.h; sourceTree = "<group>"; };
		179519691894CE0D00536C5E /* topStoriesViewController.m */ = {isa = PBXFileReference; fileEncoding = 4; lastKnownFileType = sourcecode.c.objc; path = topStoriesViewController.m; sourceTree = "<group>"; };
		1795196A1894CE0D00536C5E /* UIColor+Colours.h */ = {isa = PBXFileReference; fileEncoding = 4; lastKnownFileType = sourcecode.c.h; path = "UIColor+Colours.h"; sourceTree = "<group>"; };
		1795196B1894CE0D00536C5E /* UIColor+Colours.m */ = {isa = PBXFileReference; fileEncoding = 4; lastKnownFileType = sourcecode.c.objc; path = "UIColor+Colours.m"; sourceTree = "<group>"; };
		179519701894CE1900536C5E /* WebViewController.h */ = {isa = PBXFileReference; fileEncoding = 4; lastKnownFileType = sourcecode.c.h; path = WebViewController.h; sourceTree = "<group>"; };
		179519711894CE1900536C5E /* WebViewController.m */ = {isa = PBXFileReference; fileEncoding = 4; lastKnownFileType = sourcecode.c.objc; path = WebViewController.m; sourceTree = "<group>"; };
		179519791894CE3F00536C5E /* commentCell.h */ = {isa = PBXFileReference; fileEncoding = 4; lastKnownFileType = sourcecode.c.h; path = commentCell.h; sourceTree = "<group>"; };
		1795197A1894CE3F00536C5E /* commentCell.m */ = {isa = PBXFileReference; fileEncoding = 4; lastKnownFileType = sourcecode.c.objc; path = commentCell.m; sourceTree = "<group>"; };
		1795197B1894CE3F00536C5E /* CommentsViewController.h */ = {isa = PBXFileReference; fileEncoding = 4; lastKnownFileType = sourcecode.c.h; path = CommentsViewController.h; sourceTree = "<group>"; };
		1795197C1894CE3F00536C5E /* CommentsViewController.m */ = {isa = PBXFileReference; fileEncoding = 4; lastKnownFileType = sourcecode.c.objc; path = CommentsViewController.m; sourceTree = "<group>"; };
		179519891894CE7200536C5E /* AppDelegate.h */ = {isa = PBXFileReference; fileEncoding = 4; lastKnownFileType = sourcecode.c.h; path = AppDelegate.h; sourceTree = "<group>"; };
		1795198A1894CE7200536C5E /* AppDelegate.m */ = {isa = PBXFileReference; fileEncoding = 4; lastKnownFileType = sourcecode.c.objc; path = AppDelegate.m; sourceTree = "<group>"; };
		17D3BE6818AED38600A95506 /* SettingsVC.h */ = {isa = PBXFileReference; fileEncoding = 4; lastKnownFileType = sourcecode.c.h; path = SettingsVC.h; sourceTree = "<group>"; };
		17D3BE6918AED38600A95506 /* SettingsVC.m */ = {isa = PBXFileReference; fileEncoding = 4; lastKnownFileType = sourcecode.c.objc; path = SettingsVC.m; sourceTree = "<group>"; };
		17D3BE7918AEF65E00A95506 /* DRPocketActivity.h */ = {isa = PBXFileReference; fileEncoding = 4; lastKnownFileType = sourcecode.c.h; path = DRPocketActivity.h; sourceTree = "<group>"; };
		17D3BE7A18AEF65E00A95506 /* DRPocketActivity.m */ = {isa = PBXFileReference; fileEncoding = 4; lastKnownFileType = sourcecode.c.objc; path = DRPocketActivity.m; sourceTree = "<group>"; };
		17DFD3D618970056000BEF97 /* replyVC.h */ = {isa = PBXFileReference; fileEncoding = 4; lastKnownFileType = sourcecode.c.h; path = replyVC.h; sourceTree = "<group>"; };
		17DFD3D718970056000BEF97 /* replyVC.m */ = {isa = PBXFileReference; fileEncoding = 4; lastKnownFileType = sourcecode.c.objc; path = replyVC.m; sourceTree = "<group>"; };
		226BD13A23D75833A315811B /* Pods.debug.xcconfig */ = {isa = PBXFileReference; includeInIndex = 1; lastKnownFileType = text.xcconfig; name = Pods.debug.xcconfig; path = "Pods/Target Support Files/Pods/Pods.debug.xcconfig"; sourceTree = "<group>"; };
		5202CAC118CB16AB009A8AE0 /* TUSafariActivity.h */ = {isa = PBXFileReference; fileEncoding = 4; lastKnownFileType = sourcecode.c.h; path = TUSafariActivity.h; sourceTree = "<group>"; };
		5202CAC218CB16AB009A8AE0 /* TUSafariActivity.m */ = {isa = PBXFileReference; fileEncoding = 4; lastKnownFileType = sourcecode.c.objc; path = TUSafariActivity.m; sourceTree = "<group>"; };
		520CF66419F0E8A10032EADE /* LoginVC.m */ = {isa = PBXFileReference; fileEncoding = 4; lastKnownFileType = sourcecode.c.objc; path = LoginVC.m; sourceTree = "<group>"; };
		520CF66E19F0EB860032EADE /* HNComment.h */ = {isa = PBXFileReference; fileEncoding = 4; lastKnownFileType = sourcecode.c.h; path = HNComment.h; sourceTree = "<group>"; };
		520CF66F19F0EB860032EADE /* HNComment.m */ = {isa = PBXFileReference; fileEncoding = 4; lastKnownFileType = sourcecode.c.objc; path = HNComment.m; sourceTree = "<group>"; };
		520CF67019F0EB860032EADE /* HNCommentLink.h */ = {isa = PBXFileReference; fileEncoding = 4; lastKnownFileType = sourcecode.c.h; path = HNCommentLink.h; sourceTree = "<group>"; };
		520CF67119F0EB860032EADE /* HNCommentLink.m */ = {isa = PBXFileReference; fileEncoding = 4; lastKnownFileType = sourcecode.c.objc; path = HNCommentLink.m; sourceTree = "<group>"; };
		520CF67219F0EB860032EADE /* HNManager.h */ = {isa = PBXFileReference; fileEncoding = 4; lastKnownFileType = sourcecode.c.h; path = HNManager.h; sourceTree = "<group>"; };
		520CF67319F0EB860032EADE /* HNManager.m */ = {isa = PBXFileReference; fileEncoding = 4; lastKnownFileType = sourcecode.c.objc; path = HNManager.m; sourceTree = "<group>"; };
		520CF67419F0EB860032EADE /* HNPost.h */ = {isa = PBXFileReference; fileEncoding = 4; lastKnownFileType = sourcecode.c.h; path = HNPost.h; sourceTree = "<group>"; };
		520CF67519F0EB860032EADE /* HNPost.m */ = {isa = PBXFileReference; fileEncoding = 4; lastKnownFileType = sourcecode.c.objc; path = HNPost.m; sourceTree = "<group>"; };
		520CF67619F0EB860032EADE /* HNUser.h */ = {isa = PBXFileReference; fileEncoding = 4; lastKnownFileType = sourcecode.c.h; path = HNUser.h; sourceTree = "<group>"; };
		520CF67719F0EB860032EADE /* HNUser.m */ = {isa = PBXFileReference; fileEncoding = 4; lastKnownFileType = sourcecode.c.objc; path = HNUser.m; sourceTree = "<group>"; };
		520CF67819F0EB860032EADE /* HNUtilities.h */ = {isa = PBXFileReference; fileEncoding = 4; lastKnownFileType = sourcecode.c.h; path = HNUtilities.h; sourceTree = "<group>"; };
		520CF67919F0EB860032EADE /* HNUtilities.m */ = {isa = PBXFileReference; fileEncoding = 4; lastKnownFileType = sourcecode.c.objc; path = HNUtilities.m; sourceTree = "<group>"; };
		520CF67A19F0EB860032EADE /* HNWebService.h */ = {isa = PBXFileReference; fileEncoding = 4; lastKnownFileType = sourcecode.c.h; path = HNWebService.h; sourceTree = "<group>"; };
		520CF67B19F0EB860032EADE /* HNWebService.m */ = {isa = PBXFileReference; fileEncoding = 4; lastKnownFileType = sourcecode.c.objc; path = HNWebService.m; sourceTree = "<group>"; };
		520CF67C19F0EB860032EADE /* libHN.h */ = {isa = PBXFileReference; fileEncoding = 4; lastKnownFileType = sourcecode.c.h; path = libHN.h; sourceTree = "<group>"; };
		520CF68919F0ED9E0032EADE /* FBShimmering-Prefix.pch */ = {isa = PBXFileReference; fileEncoding = 4; lastKnownFileType = sourcecode.c.h; path = "FBShimmering-Prefix.pch"; sourceTree = "<group>"; };
		520CF68A19F0ED9E0032EADE /* FBShimmering.h */ = {isa = PBXFileReference; fileEncoding = 4; lastKnownFileType = sourcecode.c.h; path = FBShimmering.h; sourceTree = "<group>"; };
		520CF68B19F0ED9E0032EADE /* FBShimmeringLayer.h */ = {isa = PBXFileReference; fileEncoding = 4; lastKnownFileType = sourcecode.c.h; path = FBShimmeringLayer.h; sourceTree = "<group>"; };
		520CF68C19F0ED9E0032EADE /* FBShimmeringLayer.m */ = {isa = PBXFileReference; fileEncoding = 4; lastKnownFileType = sourcecode.c.objc; path = FBShimmeringLayer.m; sourceTree = "<group>"; };
		520CF68D19F0ED9E0032EADE /* FBShimmeringView.h */ = {isa = PBXFileReference; fileEncoding = 4; lastKnownFileType = sourcecode.c.h; path = FBShimmeringView.h; sourceTree = "<group>"; };
		520CF68E19F0ED9E0032EADE /* FBShimmeringView.m */ = {isa = PBXFileReference; fileEncoding = 4; lastKnownFileType = sourcecode.c.objc; path = FBShimmeringView.m; sourceTree = "<group>"; };
		5292A49B1A0AEC07003716B4 /* FoldingView.h */ = {isa = PBXFileReference; fileEncoding = 4; lastKnownFileType = sourcecode.c.h; path = FoldingView.h; sourceTree = "<group>"; };
		5292A49C1A0AEC07003716B4 /* FoldingView.m */ = {isa = PBXFileReference; fileEncoding = 4; lastKnownFileType = sourcecode.c.objc; path = FoldingView.m; sourceTree = "<group>"; };
		5292A49E1A0AF219003716B4 /* mainPageViewController.h */ = {isa = PBXFileReference; fileEncoding = 4; lastKnownFileType = sourcecode.c.h; path = mainPageViewController.h; sourceTree = "<group>"; };
		5292A49F1A0AF219003716B4 /* mainPageViewController.m */ = {isa = PBXFileReference; fileEncoding = 4; lastKnownFileType = sourcecode.c.objc; path = mainPageViewController.m; sourceTree = "<group>"; };
		52D9C2BB18D0A19E009E507D /* UIImage+tintImage.h */ = {isa = PBXFileReference; fileEncoding = 4; lastKnownFileType = sourcecode.c.h; path = "UIImage+tintImage.h"; sourceTree = "<group>"; };
		52D9C2BC18D0A19E009E507D /* UIImage+tintImage.m */ = {isa = PBXFileReference; fileEncoding = 4; lastKnownFileType = sourcecode.c.objc; path = "UIImage+tintImage.m"; sourceTree = "<group>"; };
		5A16186C08295C19D78519CF /* libPods.a */ = {isa = PBXFileReference; explicitFileType = archive.ar; includeInIndex = 0; path = libPods.a; sourceTree = BUILT_PRODUCTS_DIR; };
		DA93D2815E59717566DF86C5 /* Pods.release.xcconfig */ = {isa = PBXFileReference; includeInIndex = 1; lastKnownFileType = text.xcconfig; name = Pods.release.xcconfig; path = "Pods/Target Support Files/Pods/Pods.release.xcconfig"; sourceTree = "<group>"; };
/* End PBXFileReference section */

/* Begin PBXFrameworksBuildPhase section */
		179519001894CD2D00536C5E /* Frameworks */ = {
			isa = PBXFrameworksBuildPhase;
			buildActionMask = 2147483647;
			files = (
				1712B5D318A207D0001BB35A /* Social.framework in Frameworks */,
				1749EEA0189DC8D700A0507D /* Security.framework in Frameworks */,
				179519361894CD4600536C5E /* SafariServices.framework in Frameworks */,
				179519091894CD2D00536C5E /* CoreGraphics.framework in Frameworks */,
				1795190B1894CD2D00536C5E /* UIKit.framework in Frameworks */,
				179519071894CD2D00536C5E /* Foundation.framework in Frameworks */,
				E1300BFBF0B60FB183BAA1A0 /* libPods.a in Frameworks */,
			);
			runOnlyForDeploymentPostprocessing = 0;
		};
		1795191B1894CD2D00536C5E /* Frameworks */ = {
			isa = PBXFrameworksBuildPhase;
			buildActionMask = 2147483647;
			files = (
				179519201894CD2D00536C5E /* XCTest.framework in Frameworks */,
				179519221894CD2D00536C5E /* UIKit.framework in Frameworks */,
				179519211894CD2D00536C5E /* Foundation.framework in Frameworks */,
			);
			runOnlyForDeploymentPostprocessing = 0;
		};
/* End PBXFrameworksBuildPhase section */

/* Begin PBXGroup section */
		171532BB18B30A0700063484 /* DRPocketActivity */ = {
			isa = PBXGroup;
			children = (
				17D3BE7A18AEF65E00A95506 /* DRPocketActivity.m */,
				17D3BE7918AEF65E00A95506 /* DRPocketActivity.h */,
			);
			name = DRPocketActivity;
			sourceTree = "<group>";
		};
		171532BE18B30A5700063484 /* UIImage+ImageEffects */ = {
			isa = PBXGroup;
			children = (
				17152A2518B2DABF00541ABE /* UIImage+ImageEffects.h */,
				17152A2618B2DABF00541ABE /* UIImage+ImageEffects.m */,
			);
			name = "UIImage+ImageEffects";
			sourceTree = "<group>";
		};
		171532C918B30AF600063484 /* postCell */ = {
			isa = PBXGroup;
			children = (
				179519621894CE0100536C5E /* postCell.m */,
				179519611894CE0100536C5E /* postCell.h */,
			);
			name = postCell;
			sourceTree = "<group>";
		};
		171532CA18B30B0100063484 /* commentCell */ = {
			isa = PBXGroup;
			children = (
				179519791894CE3F00536C5E /* commentCell.h */,
				1795197A1894CE3F00536C5E /* commentCell.m */,
			);
			name = commentCell;
			sourceTree = "<group>";
		};
		171532CB18B30B0E00063484 /* SettingsViewController */ = {
			isa = PBXGroup;
			children = (
				17D3BE6818AED38600A95506 /* SettingsVC.h */,
				17D3BE6918AED38600A95506 /* SettingsVC.m */,
			);
			name = SettingsViewController;
			sourceTree = "<group>";
		};
		171532CD18B30B7700063484 /* AppDelegate */ = {
			isa = PBXGroup;
			children = (
				1795198A1894CE7200536C5E /* AppDelegate.m */,
				179519891894CE7200536C5E /* AppDelegate.h */,
			);
			name = AppDelegate;
			sourceTree = "<group>";
		};
		1749EEA1189DC92E00A0507D /* Pocket */ = {
			isa = PBXGroup;
			children = (
				1749EEB0189DC97E00A0507D /* PocketAPI.h */,
				1749EEB1189DC97E00A0507D /* PocketAPI.m */,
				1749EEB2189DC97E00A0507D /* PocketAPI+NSOperation.h */,
				1749EEB3189DC97E00A0507D /* PocketAPILogin.h */,
				1749EEB4189DC97E00A0507D /* PocketAPILogin.m */,
				1749EEB5189DC97E00A0507D /* PocketAPIOperation.h */,
				1749EEB6189DC97E00A0507D /* PocketAPIOperation.m */,
				1749EEB7189DC97E00A0507D /* PocketAPITypes.h */,
				1749EEB8189DC97E00A0507D /* SFHFKeychainUtils.h */,
				1749EEB9189DC97E00A0507D /* SFHFKeychainUtils.m */,
			);
			name = Pocket;
			sourceTree = "<group>";
		};
		179518FA1894CD2D00536C5E = {
			isa = PBXGroup;
			children = (
				5292A49B1A0AEC07003716B4 /* FoldingView.h */,
				5292A49C1A0AEC07003716B4 /* FoldingView.m */,
				520CF68519F0EC320032EADE /* TUSafariActivity */,
				520CF68419F0EC060032EADE /* FBShimmering */,
				5249287619DBEA5800A56788 /* libHN */,
				171532BB18B30A0700063484 /* DRPocketActivity */,
				171532BE18B30A5700063484 /* UIImage+ImageEffects */,
				1795190C1894CD2D00536C5E /* HakkaNews */,
				179519251894CD2D00536C5E /* HakkaNewsTests */,
				179519051894CD2D00536C5E /* Frameworks */,
				179519041894CD2D00536C5E /* Products */,
				C5BCE16A73AA3489E88B380F /* Pods */,
			);
			sourceTree = "<group>";
		};
		179519041894CD2D00536C5E /* Products */ = {
			isa = PBXGroup;
			children = (
				179519031894CD2D00536C5E /* HakkaNews.app */,
				1795191E1894CD2D00536C5E /* HakkaNewsTests.xctest */,
			);
			name = Products;
			sourceTree = "<group>";
		};
		179519051894CD2D00536C5E /* Frameworks */ = {
			isa = PBXGroup;
			children = (
				1712B5D218A207D0001BB35A /* Social.framework */,
				1749EE9F189DC8D700A0507D /* Security.framework */,
				179519351894CD4600536C5E /* SafariServices.framework */,
				179519061894CD2D00536C5E /* Foundation.framework */,
				179519081894CD2D00536C5E /* CoreGraphics.framework */,
				1795190A1894CD2D00536C5E /* UIKit.framework */,
				1795191F1894CD2D00536C5E /* XCTest.framework */,
				5A16186C08295C19D78519CF /* libPods.a */,
			);
			name = Frameworks;
			sourceTree = "<group>";
		};
		1795190C1894CD2D00536C5E /* HakkaNews */ = {
			isa = PBXGroup;
			children = (
				171532CD18B30B7700063484 /* AppDelegate */,
				1749EEA1189DC92E00A0507D /* Pocket */,
				179519901894CF8100536C5E /* login */,
				179519911894CFAF00536C5E /* customCell */,
				52D9C2BB18D0A19E009E507D /* UIImage+tintImage.h */,
				52D9C2BC18D0A19E009E507D /* UIImage+tintImage.m */,
				171532CB18B30B0E00063484 /* SettingsViewController */,
				17DFD3D91897005C000BEF97 /* replyVC */,
				179519921894CFD300536C5E /* storiesVC */,
				179519931894CFF400536C5E /* submitVC */,
				179519941894D00A00536C5E /* CommentVC */,
				179519971894D05B00536C5E /* webVC */,
				179519961894D04400536C5E /* customColor */,
				179519951894D02E00536C5E /* topStoriesVC */,
				179519181894CD2D00536C5E /* Images.xcassets */,
				1795190D1894CD2D00536C5E /* Supporting Files */,
				1126E75919E337E4007C9E69 /* Launch Screen.xib */,
			);
			path = HakkaNews;
			sourceTree = "<group>";
		};
		1795190D1894CD2D00536C5E /* Supporting Files */ = {
			isa = PBXGroup;
			children = (
				1795190E1894CD2D00536C5E /* HakkaNews-Info.plist */,
				1795190F1894CD2D00536C5E /* InfoPlist.strings */,
				179519121894CD2D00536C5E /* main.m */,
				179519141894CD2D00536C5E /* HakkaNews-Prefix.pch */,
			);
			name = "Supporting Files";
			sourceTree = "<group>";
		};
		179519251894CD2D00536C5E /* HakkaNewsTests */ = {
			isa = PBXGroup;
			children = (
				1795192B1894CD2D00536C5E /* HakkaNewsTests.m */,
				179519261894CD2D00536C5E /* Supporting Files */,
			);
			path = HakkaNewsTests;
			sourceTree = "<group>";
		};
		179519261894CD2D00536C5E /* Supporting Files */ = {
			isa = PBXGroup;
			children = (
				179519271894CD2D00536C5E /* HakkaNewsTests-Info.plist */,
				179519281894CD2D00536C5E /* InfoPlist.strings */,
			);
			name = "Supporting Files";
			sourceTree = "<group>";
		};
		179519901894CF8100536C5E /* login */ = {
			isa = PBXGroup;
			children = (
				179519591894CDCA00536C5E /* LoginVC.h */,
				520CF66419F0E8A10032EADE /* LoginVC.m */,
			);
			name = login;
			sourceTree = "<group>";
		};
		179519911894CFAF00536C5E /* customCell */ = {
			isa = PBXGroup;
			children = (
				171532C918B30AF600063484 /* postCell */,
				171532CA18B30B0100063484 /* commentCell */,
			);
			name = customCell;
			sourceTree = "<group>";
		};
		179519921894CFD300536C5E /* storiesVC */ = {
			isa = PBXGroup;
			children = (
				179519641894CE0D00536C5E /* storiesViewController.h */,
				179519651894CE0D00536C5E /* storiesViewController.m */,
			);
			name = storiesVC;
			sourceTree = "<group>";
		};
		179519931894CFF400536C5E /* submitVC */ = {
			isa = PBXGroup;
			children = (
				179519661894CE0D00536C5E /* submitVC.h */,
				179519671894CE0D00536C5E /* submitVC.m */,
			);
			name = submitVC;
			sourceTree = "<group>";
		};
		179519941894D00A00536C5E /* CommentVC */ = {
			isa = PBXGroup;
			children = (
				1795197B1894CE3F00536C5E /* CommentsViewController.h */,
				1795197C1894CE3F00536C5E /* CommentsViewController.m */,
			);
			name = CommentVC;
			sourceTree = "<group>";
		};
		179519951894D02E00536C5E /* topStoriesVC */ = {
			isa = PBXGroup;
			children = (
				179519681894CE0D00536C5E /* topStoriesViewController.h */,
				179519691894CE0D00536C5E /* topStoriesViewController.m */,
				5292A4A11A0AF223003716B4 /* mainPageVC */,
			);
			name = topStoriesVC;
			sourceTree = "<group>";
		};
		179519961894D04400536C5E /* customColor */ = {
			isa = PBXGroup;
			children = (
				1795196A1894CE0D00536C5E /* UIColor+Colours.h */,
				1795196B1894CE0D00536C5E /* UIColor+Colours.m */,
			);
			name = customColor;
			sourceTree = "<group>";
		};
		179519971894D05B00536C5E /* webVC */ = {
			isa = PBXGroup;
			children = (
				179519701894CE1900536C5E /* WebViewController.h */,
				179519711894CE1900536C5E /* WebViewController.m */,
			);
			name = webVC;
			sourceTree = "<group>";
		};
		17DFD3D91897005C000BEF97 /* replyVC */ = {
			isa = PBXGroup;
			children = (
				17DFD3D618970056000BEF97 /* replyVC.h */,
				17DFD3D718970056000BEF97 /* replyVC.m */,
			);
			name = replyVC;
			sourceTree = "<group>";
		};
		520CF68419F0EC060032EADE /* FBShimmering */ = {
			isa = PBXGroup;
			children = (
				520CF68919F0ED9E0032EADE /* FBShimmering-Prefix.pch */,
				520CF68A19F0ED9E0032EADE /* FBShimmering.h */,
				520CF68B19F0ED9E0032EADE /* FBShimmeringLayer.h */,
				520CF68C19F0ED9E0032EADE /* FBShimmeringLayer.m */,
				520CF68D19F0ED9E0032EADE /* FBShimmeringView.h */,
				520CF68E19F0ED9E0032EADE /* FBShimmeringView.m */,
			);
			name = FBShimmering;
			sourceTree = "<group>";
		};
		520CF68519F0EC320032EADE /* TUSafariActivity */ = {
			isa = PBXGroup;
			children = (
				5202CAC118CB16AB009A8AE0 /* TUSafariActivity.h */,
				5202CAC218CB16AB009A8AE0 /* TUSafariActivity.m */,
			);
			name = TUSafariActivity;
			sourceTree = "<group>";
		};
		5249287619DBEA5800A56788 /* libHN */ = {
			isa = PBXGroup;
			children = (
				520CF66E19F0EB860032EADE /* HNComment.h */,
				520CF66F19F0EB860032EADE /* HNComment.m */,
				520CF67019F0EB860032EADE /* HNCommentLink.h */,
				520CF67119F0EB860032EADE /* HNCommentLink.m */,
				520CF67219F0EB860032EADE /* HNManager.h */,
				520CF67319F0EB860032EADE /* HNManager.m */,
				520CF67419F0EB860032EADE /* HNPost.h */,
				520CF67519F0EB860032EADE /* HNPost.m */,
				520CF67619F0EB860032EADE /* HNUser.h */,
				520CF67719F0EB860032EADE /* HNUser.m */,
				520CF67819F0EB860032EADE /* HNUtilities.h */,
				520CF67919F0EB860032EADE /* HNUtilities.m */,
				520CF67A19F0EB860032EADE /* HNWebService.h */,
				520CF67B19F0EB860032EADE /* HNWebService.m */,
				520CF67C19F0EB860032EADE /* libHN.h */,
			);
			name = libHN;
			sourceTree = "<group>";
		};
		5292A4A11A0AF223003716B4 /* mainPageVC */ = {
			isa = PBXGroup;
			children = (
				5292A49F1A0AF219003716B4 /* mainPageViewController.m */,
				5292A49E1A0AF219003716B4 /* mainPageViewController.h */,
			);
			name = mainPageVC;
			sourceTree = "<group>";
		};
		C5BCE16A73AA3489E88B380F /* Pods */ = {
			isa = PBXGroup;
			children = (
				226BD13A23D75833A315811B /* Pods.debug.xcconfig */,
				DA93D2815E59717566DF86C5 /* Pods.release.xcconfig */,
			);
			name = Pods;
			sourceTree = "<group>";
		};
/* End PBXGroup section */

/* Begin PBXNativeTarget section */
		179519021894CD2D00536C5E /* HakkaNews */ = {
			isa = PBXNativeTarget;
			buildConfigurationList = 1795192F1894CD2D00536C5E /* Build configuration list for PBXNativeTarget "HakkaNews" */;
			buildPhases = (
				E8E6B7174C15A87630B64A3E /* Check Pods Manifest.lock */,
				179518FF1894CD2D00536C5E /* Sources */,
				179519001894CD2D00536C5E /* Frameworks */,
				179519011894CD2D00536C5E /* Resources */,
				A884F35C062ED4139120C7C5 /* Copy Pods Resources */,
			);
			buildRules = (
			);
			dependencies = (
			);
			name = HakkaNews;
			productName = HakkaNews;
			productReference = 179519031894CD2D00536C5E /* HakkaNews.app */;
			productType = "com.apple.product-type.application";
		};
		1795191D1894CD2D00536C5E /* HakkaNewsTests */ = {
			isa = PBXNativeTarget;
			buildConfigurationList = 179519321894CD2D00536C5E /* Build configuration list for PBXNativeTarget "HakkaNewsTests" */;
			buildPhases = (
				1795191A1894CD2D00536C5E /* Sources */,
				1795191B1894CD2D00536C5E /* Frameworks */,
				1795191C1894CD2D00536C5E /* Resources */,
			);
			buildRules = (
			);
			dependencies = (
				179519241894CD2D00536C5E /* PBXTargetDependency */,
			);
			name = HakkaNewsTests;
			productName = HakkaNewsTests;
			productReference = 1795191E1894CD2D00536C5E /* HakkaNewsTests.xctest */;
			productType = "com.apple.product-type.bundle.unit-test";
		};
/* End PBXNativeTarget section */

/* Begin PBXProject section */
		179518FB1894CD2D00536C5E /* Project object */ = {
			isa = PBXProject;
			attributes = {
				LastUpgradeCheck = 0510;
				ORGANIZATIONNAME = "John Smith";
				TargetAttributes = {
					179519021894CD2D00536C5E = {
						DevelopmentTeam = F6WE3W8PGU;
					};
					1795191D1894CD2D00536C5E = {
						DevelopmentTeam = Q92HY5UJ65;
						TestTargetID = 179519021894CD2D00536C5E;
					};
				};
			};
			buildConfigurationList = 179518FE1894CD2D00536C5E /* Build configuration list for PBXProject "HakkaNews" */;
			compatibilityVersion = "Xcode 3.2";
			developmentRegion = English;
			hasScannedForEncodings = 0;
			knownRegions = (
				en,
			);
			mainGroup = 179518FA1894CD2D00536C5E;
			productRefGroup = 179519041894CD2D00536C5E /* Products */;
			projectDirPath = "";
			projectRoot = "";
			targets = (
				179519021894CD2D00536C5E /* HakkaNews */,
				1795191D1894CD2D00536C5E /* HakkaNewsTests */,
			);
		};
/* End PBXProject section */

/* Begin PBXResourcesBuildPhase section */
		179519011894CD2D00536C5E /* Resources */ = {
			isa = PBXResourcesBuildPhase;
			buildActionMask = 2147483647;
			files = (
				179519111894CD2D00536C5E /* InfoPlist.strings in Resources */,
				179519191894CD2D00536C5E /* Images.xcassets in Resources */,
				1126E75A19E337E4007C9E69 /* Launch Screen.xib in Resources */,
			);
			runOnlyForDeploymentPostprocessing = 0;
		};
		1795191C1894CD2D00536C5E /* Resources */ = {
			isa = PBXResourcesBuildPhase;
			buildActionMask = 2147483647;
			files = (
				1795192A1894CD2D00536C5E /* InfoPlist.strings in Resources */,
			);
			runOnlyForDeploymentPostprocessing = 0;
		};
/* End PBXResourcesBuildPhase section */

/* Begin PBXShellScriptBuildPhase section */
		A884F35C062ED4139120C7C5 /* Copy Pods Resources */ = {
			isa = PBXShellScriptBuildPhase;
			buildActionMask = 2147483647;
			files = (
			);
			inputPaths = (
			);
			name = "Copy Pods Resources";
			outputPaths = (
			);
			runOnlyForDeploymentPostprocessing = 0;
			shellPath = /bin/sh;
			shellScript = "\"${SRCROOT}/Pods/Target Support Files/Pods/Pods-resources.sh\"\n";
			showEnvVarsInLog = 0;
		};
		E8E6B7174C15A87630B64A3E /* Check Pods Manifest.lock */ = {
			isa = PBXShellScriptBuildPhase;
			buildActionMask = 2147483647;
			files = (
			);
			inputPaths = (
			);
			name = "Check Pods Manifest.lock";
			outputPaths = (
			);
			runOnlyForDeploymentPostprocessing = 0;
			shellPath = /bin/sh;
			shellScript = "diff \"${PODS_ROOT}/../Podfile.lock\" \"${PODS_ROOT}/Manifest.lock\" > /dev/null\nif [[ $? != 0 ]] ; then\n    cat << EOM\nerror: The sandbox is not in sync with the Podfile.lock. Run 'pod install' or update your CocoaPods installation.\nEOM\n    exit 1\nfi\n";
			showEnvVarsInLog = 0;
		};
/* End PBXShellScriptBuildPhase section */

/* Begin PBXSourcesBuildPhase section */
		179518FF1894CD2D00536C5E /* Sources */ = {
			isa = PBXSourcesBuildPhase;
			buildActionMask = 2147483647;
			files = (
				520CF66519F0E8A10032EADE /* LoginVC.m in Sources */,
				520CF67E19F0EB860032EADE /* HNCommentLink.m in Sources */,
				520CF68219F0EB860032EADE /* HNUtilities.m in Sources */,
				1795198B1894CE7200536C5E /* AppDelegate.m in Sources */,
				52D9C2BD18D0A19E009E507D /* UIImage+tintImage.m in Sources */,
				520CF68319F0EB860032EADE /* HNWebService.m in Sources */,
				1749EEBD189DC97E00A0507D /* SFHFKeychainUtils.m in Sources */,
				179519131894CD2D00536C5E /* main.m in Sources */,
				17DFD3D818970056000BEF97 /* replyVC.m in Sources */,
				520CF67D19F0EB860032EADE /* HNComment.m in Sources */,
				5292A49D1A0AEC07003716B4 /* FoldingView.m in Sources */,
				1795196F1894CE0D00536C5E /* UIColor+Colours.m in Sources */,
				1749EEBA189DC97E00A0507D /* PocketAPI.m in Sources */,
				17D3BE7B18AEF65E00A95506 /* DRPocketActivity.m in Sources */,
				520CF68119F0EB860032EADE /* HNUser.m in Sources */,
				1795196C1894CE0D00536C5E /* storiesViewController.m in Sources */,
				520CF68F19F0ED9E0032EADE /* FBShimmeringLayer.m in Sources */,
				520CF67F19F0EB860032EADE /* HNManager.m in Sources */,
				1795197D1894CE3F00536C5E /* commentCell.m in Sources */,
				5202CAC318CB16AB009A8AE0 /* TUSafariActivity.m in Sources */,
				1749EEBB189DC97E00A0507D /* PocketAPILogin.m in Sources */,
				520CF69019F0ED9E0032EADE /* FBShimmeringView.m in Sources */,
				179519721894CE1900536C5E /* WebViewController.m in Sources */,
				1795196D1894CE0D00536C5E /* submitVC.m in Sources */,
				5292A4A01A0AF219003716B4 /* mainPageViewController.m in Sources */,
				520CF68019F0EB860032EADE /* HNPost.m in Sources */,
				1795197E1894CE3F00536C5E /* CommentsViewController.m in Sources */,
				17152A2818B2DABF00541ABE /* UIImage+ImageEffects.m in Sources */,
				1795196E1894CE0D00536C5E /* topStoriesViewController.m in Sources */,
				17D3BE6A18AED38600A95506 /* SettingsVC.m in Sources */,
				179519631894CE0100536C5E /* postCell.m in Sources */,
				1749EEBC189DC97E00A0507D /* PocketAPIOperation.m in Sources */,
			);
			runOnlyForDeploymentPostprocessing = 0;
		};
		1795191A1894CD2D00536C5E /* Sources */ = {
			isa = PBXSourcesBuildPhase;
			buildActionMask = 2147483647;
			files = (
				1795192C1894CD2D00536C5E /* HakkaNewsTests.m in Sources */,
			);
			runOnlyForDeploymentPostprocessing = 0;
		};
/* End PBXSourcesBuildPhase section */

/* Begin PBXTargetDependency section */
		179519241894CD2D00536C5E /* PBXTargetDependency */ = {
			isa = PBXTargetDependency;
			target = 179519021894CD2D00536C5E /* HakkaNews */;
			targetProxy = 179519231894CD2D00536C5E /* PBXContainerItemProxy */;
		};
/* End PBXTargetDependency section */

/* Begin PBXVariantGroup section */
		1795190F1894CD2D00536C5E /* InfoPlist.strings */ = {
			isa = PBXVariantGroup;
			children = (
				179519101894CD2D00536C5E /* en */,
			);
			name = InfoPlist.strings;
			sourceTree = "<group>";
		};
		179519281894CD2D00536C5E /* InfoPlist.strings */ = {
			isa = PBXVariantGroup;
			children = (
				179519291894CD2D00536C5E /* en */,
			);
			name = InfoPlist.strings;
			sourceTree = "<group>";
		};
/* End PBXVariantGroup section */

/* Begin XCBuildConfiguration section */
		1795192D1894CD2D00536C5E /* Debug */ = {
			isa = XCBuildConfiguration;
			buildSettings = {
				ALWAYS_SEARCH_USER_PATHS = NO;
				CLANG_CXX_LANGUAGE_STANDARD = "gnu++0x";
				CLANG_CXX_LIBRARY = "libc++";
				CLANG_ENABLE_MODULES = YES;
				CLANG_ENABLE_OBJC_ARC = YES;
				CLANG_WARN_BOOL_CONVERSION = YES;
				CLANG_WARN_CONSTANT_CONVERSION = YES;
				CLANG_WARN_DIRECT_OBJC_ISA_USAGE = YES_ERROR;
				CLANG_WARN_EMPTY_BODY = YES;
				CLANG_WARN_ENUM_CONVERSION = YES;
				CLANG_WARN_INT_CONVERSION = YES;
				CLANG_WARN_OBJC_ROOT_CLASS = YES_ERROR;
				CLANG_WARN__DUPLICATE_METHOD_MATCH = YES;
				"CODE_SIGN_IDENTITY[sdk=iphoneos*]" = "iPhone Developer";
				COPY_PHASE_STRIP = NO;
				GCC_C_LANGUAGE_STANDARD = gnu99;
				GCC_DYNAMIC_NO_PIC = NO;
				GCC_OPTIMIZATION_LEVEL = 0;
				GCC_PREPROCESSOR_DEFINITIONS = (
					"DEBUG=1",
					"$(inherited)",
				);
				GCC_SYMBOLS_PRIVATE_EXTERN = NO;
				GCC_WARN_64_TO_32_BIT_CONVERSION = YES;
				GCC_WARN_ABOUT_RETURN_TYPE = YES_ERROR;
				GCC_WARN_UNDECLARED_SELECTOR = YES;
				GCC_WARN_UNINITIALIZED_AUTOS = YES;
				GCC_WARN_UNUSED_FUNCTION = YES;
				GCC_WARN_UNUSED_VARIABLE = YES;
				IPHONEOS_DEPLOYMENT_TARGET = 7.1;
				ONLY_ACTIVE_ARCH = YES;
				SDKROOT = iphoneos;
			};
			name = Debug;
		};
		1795192E1894CD2D00536C5E /* Release */ = {
			isa = XCBuildConfiguration;
			buildSettings = {
				ALWAYS_SEARCH_USER_PATHS = NO;
				CLANG_CXX_LANGUAGE_STANDARD = "gnu++0x";
				CLANG_CXX_LIBRARY = "libc++";
				CLANG_ENABLE_MODULES = YES;
				CLANG_ENABLE_OBJC_ARC = YES;
				CLANG_WARN_BOOL_CONVERSION = YES;
				CLANG_WARN_CONSTANT_CONVERSION = YES;
				CLANG_WARN_DIRECT_OBJC_ISA_USAGE = YES_ERROR;
				CLANG_WARN_EMPTY_BODY = YES;
				CLANG_WARN_ENUM_CONVERSION = YES;
				CLANG_WARN_INT_CONVERSION = YES;
				CLANG_WARN_OBJC_ROOT_CLASS = YES_ERROR;
				CLANG_WARN__DUPLICATE_METHOD_MATCH = YES;
				"CODE_SIGN_IDENTITY[sdk=iphoneos*]" = "iPhone Developer";
				COPY_PHASE_STRIP = YES;
				ENABLE_NS_ASSERTIONS = NO;
				GCC_C_LANGUAGE_STANDARD = gnu99;
				GCC_WARN_64_TO_32_BIT_CONVERSION = YES;
				GCC_WARN_ABOUT_RETURN_TYPE = YES_ERROR;
				GCC_WARN_UNDECLARED_SELECTOR = YES;
				GCC_WARN_UNINITIALIZED_AUTOS = YES;
				GCC_WARN_UNUSED_FUNCTION = YES;
				GCC_WARN_UNUSED_VARIABLE = YES;
				IPHONEOS_DEPLOYMENT_TARGET = 7.1;
				SDKROOT = iphoneos;
				VALIDATE_PRODUCT = YES;
			};
			name = Release;
		};
		179519301894CD2D00536C5E /* Debug */ = {
			isa = XCBuildConfiguration;
			baseConfigurationReference = 226BD13A23D75833A315811B /* Pods.debug.xcconfig */;
			buildSettings = {
				ASSETCATALOG_COMPILER_APPICON_NAME = AppIcon;
				ASSETCATALOG_COMPILER_LAUNCHIMAGE_NAME = LaunchImage;
				CODE_SIGN_IDENTITY = "iPhone Developer";
				"CODE_SIGN_IDENTITY[sdk=iphoneos*]" = "iPhone Developer";
				GCC_PRECOMPILE_PREFIX_HEADER = YES;
				GCC_PREFIX_HEADER = "HakkaNews/HakkaNews-Prefix.pch";
				INFOPLIST_FILE = "HakkaNews/HakkaNews-Info.plist";
				IPHONEOS_DEPLOYMENT_TARGET = 8.0;
				PRODUCT_NAME = "$(TARGET_NAME)";
				PROVISIONING_PROFILE = "";
				TARGETED_DEVICE_FAMILY = 1;
				WRAPPER_EXTENSION = app;
			};
			name = Debug;
		};
		179519311894CD2D00536C5E /* Release */ = {
			isa = XCBuildConfiguration;
			baseConfigurationReference = DA93D2815E59717566DF86C5 /* Pods.release.xcconfig */;
			buildSettings = {
				ASSETCATALOG_COMPILER_APPICON_NAME = AppIcon;
				ASSETCATALOG_COMPILER_LAUNCHIMAGE_NAME = LaunchImage;
				CODE_SIGN_IDENTITY = "iPhone Developer";
				"CODE_SIGN_IDENTITY[sdk=iphoneos*]" = "iPhone Developer";
				GCC_PRECOMPILE_PREFIX_HEADER = YES;
				GCC_PREFIX_HEADER = "HakkaNews/HakkaNews-Prefix.pch";
				INFOPLIST_FILE = "HakkaNews/HakkaNews-Info.plist";
				IPHONEOS_DEPLOYMENT_TARGET = 8.0;
				PRODUCT_NAME = "$(TARGET_NAME)";
				PROVISIONING_PROFILE = "";
				TARGETED_DEVICE_FAMILY = 1;
				WRAPPER_EXTENSION = app;
			};
			name = Release;
		};
		179519331894CD2D00536C5E /* Debug */ = {
			isa = XCBuildConfiguration;
			buildSettings = {
				BUNDLE_LOADER = "$(BUILT_PRODUCTS_DIR)/HakkaNews.app/HakkaNews";
				FRAMEWORK_SEARCH_PATHS = (
					"$(SDKROOT)/Developer/Library/Frameworks",
					"$(inherited)",
					"$(DEVELOPER_FRAMEWORKS_DIR)",
				);
				GCC_PRECOMPILE_PREFIX_HEADER = YES;
				GCC_PREFIX_HEADER = "HakkaNews/HakkaNews-Prefix.pch";
				GCC_PREPROCESSOR_DEFINITIONS = (
					"DEBUG=1",
					"$(inherited)",
				);
				INFOPLIST_FILE = "HakkaNewsTests/HakkaNewsTests-Info.plist";
				PRODUCT_NAME = "$(TARGET_NAME)";
				TEST_HOST = "$(BUNDLE_LOADER)";
				WRAPPER_EXTENSION = xctest;
			};
			name = Debug;
		};
		179519341894CD2D00536C5E /* Release */ = {
			isa = XCBuildConfiguration;
			buildSettings = {
				BUNDLE_LOADER = "$(BUILT_PRODUCTS_DIR)/HakkaNews.app/HakkaNews";
				FRAMEWORK_SEARCH_PATHS = (
					"$(SDKROOT)/Developer/Library/Frameworks",
					"$(inherited)",
					"$(DEVELOPER_FRAMEWORKS_DIR)",
				);
				GCC_PRECOMPILE_PREFIX_HEADER = YES;
				GCC_PREFIX_HEADER = "HakkaNews/HakkaNews-Prefix.pch";
				INFOPLIST_FILE = "HakkaNewsTests/HakkaNewsTests-Info.plist";
				PRODUCT_NAME = "$(TARGET_NAME)";
				TEST_HOST = "$(BUNDLE_LOADER)";
				WRAPPER_EXTENSION = xctest;
			};
			name = Release;
		};
/* End XCBuildConfiguration section */

/* Begin XCConfigurationList section */
		179518FE1894CD2D00536C5E /* Build configuration list for PBXProject "HakkaNews" */ = {
			isa = XCConfigurationList;
			buildConfigurations = (
				1795192D1894CD2D00536C5E /* Debug */,
				1795192E1894CD2D00536C5E /* Release */,
			);
			defaultConfigurationIsVisible = 0;
			defaultConfigurationName = Release;
		};
		1795192F1894CD2D00536C5E /* Build configuration list for PBXNativeTarget "HakkaNews" */ = {
			isa = XCConfigurationList;
			buildConfigurations = (
				179519301894CD2D00536C5E /* Debug */,
				179519311894CD2D00536C5E /* Release */,
			);
			defaultConfigurationIsVisible = 0;
			defaultConfigurationName = Release;
		};
		179519321894CD2D00536C5E /* Build configuration list for PBXNativeTarget "HakkaNewsTests" */ = {
			isa = XCConfigurationList;
			buildConfigurations = (
				179519331894CD2D00536C5E /* Debug */,
				179519341894CD2D00536C5E /* Release */,
			);
			defaultConfigurationIsVisible = 0;
			defaultConfigurationName = Release;
		};
/* End XCConfigurationList section */
	};
	rootObject = 179518FB1894CD2D00536C5E /* Project object */;
}
